
Microsoft Visual Studio Solution File, Format Version 12.00
# Visual Studio Version 17
VisualStudioVersion = 17.10.35013.160
MinimumVisualStudioVersion = 10.0.40219.1
Project("{FAE04EC0-301F-11D3-BF4B-00C04F79EFBC}") = "ReflectorClassApp", "ReflectorClassApp.csproj", "{F9A739C5-CA31-4D43-974B-E94C9FD0F2D8}"
EndProject
Global
	GlobalSection(SolutionConfigurationPlatforms) = preSolution
		Debug|Any CPU = Debug|Any CPU
		Release|Any CPU = Release|Any CPU
	EndGlobalSection
	GlobalSection(ProjectConfigurationPlatforms) = postSolution
		{F9A739C5-CA31-4D43-974B-E94C9FD0F2D8}.Debug|Any CPU.ActiveCfg = Debug|Any CPU
		{F9A739C5-CA31-4D43-974B-E94C9FD0F2D8}.Debug|Any CPU.Build.0 = Debug|Any CPU
		{F9A739C5-CA31-4D43-974B-E94C9FD0F2D8}.Release|Any CPU.ActiveCfg = Release|Any CPU
		{F9A739C5-CA31-4D43-974B-E94C9FD0F2D8}.Release|Any CPU.Build.0 = Release|Any CPU
	EndGlobalSection
	GlobalSection(SolutionProperties) = preSolution
		HideSolutionNode = FALSE
	EndGlobalSection
	GlobalSection(ExtensibilityGlobals) = postSolution
		SolutionGuid = {FE73B914-D398-444A-84CF-FB648E9D5725}
	EndGlobalSection
EndGlobal
